// !$*UTF8*$!
{
	archiveVersion = 1;
	classes = {
	};
	objectVersion = 56;
	objects = {

/* Begin PBXBuildFile section */
		A49B183E2ADDD636000103B2 /* StarrySkyKit.docc in Sources */ = {isa = PBXBuildFile; fileRef = A49B183D2ADDD636000103B2 /* StarrySkyKit.docc */; };
		A49B18442ADDD636000103B2 /* StarrySkyKit.framework in Frameworks */ = {isa = PBXBuildFile; fileRef = A49B18392ADDD636000103B2 /* StarrySkyKit.framework */; };
		A49B18492ADDD636000103B2 /* StarrySkyKitTests.swift in Sources */ = {isa = PBXBuildFile; fileRef = A49B18482ADDD636000103B2 /* StarrySkyKitTests.swift */; };
		A49B184A2ADDD636000103B2 /* StarrySkyKit.h in Headers */ = {isa = PBXBuildFile; fileRef = A49B183C2ADDD636000103B2 /* StarrySkyKit.h */; settings = {ATTRIBUTES = (Public, ); }; };
		A49B18542ADDD652000103B2 /* StarrySky.swift in Sources */ = {isa = PBXBuildFile; fileRef = A49B18532ADDD652000103B2 /* StarrySky.swift */; };
		A49B18572ADDD6C1000103B2 /* StarView.swift in Sources */ = {isa = PBXBuildFile; fileRef = A49B18562ADDD6C1000103B2 /* StarView.swift */; };
		A49B18592ADDD729000103B2 /* Star.swift in Sources */ = {isa = PBXBuildFile; fileRef = A49B18582ADDD729000103B2 /* Star.swift */; };
		A49B185C2ADDD99D000103B2 /* SkyManager.swift in Sources */ = {isa = PBXBuildFile; fileRef = A49B185B2ADDD99D000103B2 /* SkyManager.swift */; };
		A4A3B1B62ADDDD99006CE226 /* StarButtonView.swift in Sources */ = {isa = PBXBuildFile; fileRef = A4A3B1B52ADDDD99006CE226 /* StarButtonView.swift */; };
		A4A3B1B92ADDE199006CE226 /* UIApplicationExtension.swift in Sources */ = {isa = PBXBuildFile; fileRef = A4A3B1B82ADDE199006CE226 /* UIApplicationExtension.swift */; };
		A4A3B1BE2ADDE889006CE226 /* UIViewExtension.swift in Sources */ = {isa = PBXBuildFile; fileRef = A4A3B1BD2ADDE889006CE226 /* UIViewExtension.swift */; };
		A4A3B1C02ADDEC42006CE226 /* PersistenceManager.swift in Sources */ = {isa = PBXBuildFile; fileRef = A4A3B1BF2ADDEC42006CE226 /* PersistenceManager.swift */; };
		A4A3B1C22ADDEDC5006CE226 /* AppLifecycleManager.swift in Sources */ = {isa = PBXBuildFile; fileRef = A4A3B1C12ADDEDC5006CE226 /* AppLifecycleManager.swift */; };
		A4A3B1C62ADDEFB5006CE226 /* Constants.swift in Sources */ = {isa = PBXBuildFile; fileRef = A4A3B1C52ADDEFB5006CE226 /* Constants.swift */; };
/* End PBXBuildFile section */

/* Begin PBXContainerItemProxy section */
		A49B18452ADDD636000103B2 /* PBXContainerItemProxy */ = {
			isa = PBXContainerItemProxy;
			containerPortal = A49B18302ADDD636000103B2 /* Project object */;
			proxyType = 1;
			remoteGlobalIDString = A49B18382ADDD636000103B2;
			remoteInfo = StarrySkyKit;
		};
/* End PBXContainerItemProxy section */

/* Begin PBXFileReference section */
		A49B18392ADDD636000103B2 /* StarrySkyKit.framework */ = {isa = PBXFileReference; explicitFileType = wrapper.framework; includeInIndex = 0; path = StarrySkyKit.framework; sourceTree = BUILT_PRODUCTS_DIR; };
		A49B183C2ADDD636000103B2 /* StarrySkyKit.h */ = {isa = PBXFileReference; lastKnownFileType = sourcecode.c.h; path = StarrySkyKit.h; sourceTree = "<group>"; };
		A49B183D2ADDD636000103B2 /* StarrySkyKit.docc */ = {isa = PBXFileReference; lastKnownFileType = folder.documentationcatalog; path = StarrySkyKit.docc; sourceTree = "<group>"; };
		A49B18432ADDD636000103B2 /* StarrySkyKitTests.xctest */ = {isa = PBXFileReference; explicitFileType = wrapper.cfbundle; includeInIndex = 0; path = StarrySkyKitTests.xctest; sourceTree = BUILT_PRODUCTS_DIR; };
		A49B18482ADDD636000103B2 /* StarrySkyKitTests.swift */ = {isa = PBXFileReference; lastKnownFileType = sourcecode.swift; path = StarrySkyKitTests.swift; sourceTree = "<group>"; };
		A49B18532ADDD652000103B2 /* StarrySky.swift */ = {isa = PBXFileReference; lastKnownFileType = sourcecode.swift; path = StarrySky.swift; sourceTree = "<group>"; };
		A49B18562ADDD6C1000103B2 /* StarView.swift */ = {isa = PBXFileReference; lastKnownFileType = sourcecode.swift; path = StarView.swift; sourceTree = "<group>"; };
		A49B18582ADDD729000103B2 /* Star.swift */ = {isa = PBXFileReference; lastKnownFileType = sourcecode.swift; path = Star.swift; sourceTree = "<group>"; };
		A49B185B2ADDD99D000103B2 /* SkyManager.swift */ = {isa = PBXFileReference; lastKnownFileType = sourcecode.swift; path = SkyManager.swift; sourceTree = "<group>"; };
		A4A3B1B52ADDDD99006CE226 /* StarButtonView.swift */ = {isa = PBXFileReference; lastKnownFileType = sourcecode.swift; path = StarButtonView.swift; sourceTree = "<group>"; };
		A4A3B1B82ADDE199006CE226 /* UIApplicationExtension.swift */ = {isa = PBXFileReference; lastKnownFileType = sourcecode.swift; path = UIApplicationExtension.swift; sourceTree = "<group>"; };
		A4A3B1BD2ADDE889006CE226 /* UIViewExtension.swift */ = {isa = PBXFileReference; lastKnownFileType = sourcecode.swift; path = UIViewExtension.swift; sourceTree = "<group>"; };
		A4A3B1BF2ADDEC42006CE226 /* PersistenceManager.swift */ = {isa = PBXFileReference; lastKnownFileType = sourcecode.swift; path = PersistenceManager.swift; sourceTree = "<group>"; };
		A4A3B1C12ADDEDC5006CE226 /* AppLifecycleManager.swift */ = {isa = PBXFileReference; lastKnownFileType = sourcecode.swift; path = AppLifecycleManager.swift; sourceTree = "<group>"; };
		A4A3B1C52ADDEFB5006CE226 /* Constants.swift */ = {isa = PBXFileReference; lastKnownFileType = sourcecode.swift; path = Constants.swift; sourceTree = "<group>"; };
/* End PBXFileReference section */

/* Begin PBXFrameworksBuildPhase section */
		A49B18362ADDD636000103B2 /* Frameworks */ = {
			isa = PBXFrameworksBuildPhase;
			buildActionMask = 2147483647;
			files = (
			);
			runOnlyForDeploymentPostprocessing = 0;
		};
		A49B18402ADDD636000103B2 /* Frameworks */ = {
			isa = PBXFrameworksBuildPhase;
			buildActionMask = 2147483647;
			files = (
				A49B18442ADDD636000103B2 /* StarrySkyKit.framework in Frameworks */,
			);
			runOnlyForDeploymentPostprocessing = 0;
		};
/* End PBXFrameworksBuildPhase section */

/* Begin PBXGroup section */
		A49B182F2ADDD636000103B2 = {
			isa = PBXGroup;
			children = (
				A49B183B2ADDD636000103B2 /* StarrySkyKit */,
				A49B18472ADDD636000103B2 /* StarrySkyKitTests */,
				A49B183A2ADDD636000103B2 /* Products */,
			);
			sourceTree = "<group>";
		};
		A49B183A2ADDD636000103B2 /* Products */ = {
			isa = PBXGroup;
			children = (
				A49B18392ADDD636000103B2 /* StarrySkyKit.framework */,
				A49B18432ADDD636000103B2 /* StarrySkyKitTests.xctest */,
			);
			name = Products;
			sourceTree = "<group>";
		};
		A49B183B2ADDD636000103B2 /* StarrySkyKit */ = {
			isa = PBXGroup;
			children = (
				A49B183C2ADDD636000103B2 /* StarrySkyKit.h */,
				A49B18532ADDD652000103B2 /* StarrySky.swift */,
				A4A3B1C72ADDF1C7006CE226 /* Constants */,
				A4A3B1B72ADDE18C006CE226 /* Extension */,
				A49B185A2ADDD74C000103B2 /* Model */,
				A49B18552ADDD6B4000103B2 /* View */,
				A49B183D2ADDD636000103B2 /* StarrySkyKit.docc */,
			);
			path = StarrySkyKit;
			sourceTree = "<group>";
		};
		A49B18472ADDD636000103B2 /* StarrySkyKitTests */ = {
			isa = PBXGroup;
			children = (
				A49B18482ADDD636000103B2 /* StarrySkyKitTests.swift */,
			);
			path = StarrySkyKitTests;
			sourceTree = "<group>";
		};
		A49B18552ADDD6B4000103B2 /* View */ = {
			isa = PBXGroup;
			children = (
				A49B18562ADDD6C1000103B2 /* StarView.swift */,
				A4A3B1B52ADDDD99006CE226 /* StarButtonView.swift */,
			);
			path = View;
			sourceTree = "<group>";
		};
		A49B185A2ADDD74C000103B2 /* Model */ = {
			isa = PBXGroup;
			children = (
				A49B18582ADDD729000103B2 /* Star.swift */,
				A49B185B2ADDD99D000103B2 /* SkyManager.swift */,
				A4A3B1BF2ADDEC42006CE226 /* PersistenceManager.swift */,
				A4A3B1C12ADDEDC5006CE226 /* AppLifecycleManager.swift */,
			);
			path = Model;
			sourceTree = "<group>";
		};
		A4A3B1B72ADDE18C006CE226 /* Extension */ = {
			isa = PBXGroup;
			children = (
				A4A3B1B82ADDE199006CE226 /* UIApplicationExtension.swift */,
				A4A3B1BD2ADDE889006CE226 /* UIViewExtension.swift */,
			);
			path = Extension;
			sourceTree = "<group>";
		};
		A4A3B1C72ADDF1C7006CE226 /* Constants */ = {
			isa = PBXGroup;
			children = (
				A4A3B1C52ADDEFB5006CE226 /* Constants.swift */,
			);
			path = Constants;
			sourceTree = "<group>";
		};
/* End PBXGroup section */

/* Begin PBXHeadersBuildPhase section */
		A49B18342ADDD636000103B2 /* Headers */ = {
			isa = PBXHeadersBuildPhase;
			buildActionMask = 2147483647;
			files = (
				A49B184A2ADDD636000103B2 /* StarrySkyKit.h in Headers */,
			);
			runOnlyForDeploymentPostprocessing = 0;
		};
/* End PBXHeadersBuildPhase section */

/* Begin PBXNativeTarget section */
		A49B18382ADDD636000103B2 /* StarrySkyKit */ = {
			isa = PBXNativeTarget;
			buildConfigurationList = A49B184D2ADDD636000103B2 /* Build configuration list for PBXNativeTarget "StarrySkyKit" */;
			buildPhases = (
				A49B18342ADDD636000103B2 /* Headers */,
				A49B18352ADDD636000103B2 /* Sources */,
				A49B18362ADDD636000103B2 /* Frameworks */,
				A49B18372ADDD636000103B2 /* Resources */,
			);
			buildRules = (
			);
			dependencies = (
			);
			name = StarrySkyKit;
			productName = StarrySkyKit;
			productReference = A49B18392ADDD636000103B2 /* StarrySkyKit.framework */;
			productType = "com.apple.product-type.framework";
		};
		A49B18422ADDD636000103B2 /* StarrySkyKitTests */ = {
			isa = PBXNativeTarget;
			buildConfigurationList = A49B18502ADDD636000103B2 /* Build configuration list for PBXNativeTarget "StarrySkyKitTests" */;
			buildPhases = (
				A49B183F2ADDD636000103B2 /* Sources */,
				A49B18402ADDD636000103B2 /* Frameworks */,
				A49B18412ADDD636000103B2 /* Resources */,
			);
			buildRules = (
			);
			dependencies = (
				A49B18462ADDD636000103B2 /* PBXTargetDependency */,
			);
			name = StarrySkyKitTests;
			productName = StarrySkyKitTests;
			productReference = A49B18432ADDD636000103B2 /* StarrySkyKitTests.xctest */;
			productType = "com.apple.product-type.bundle.unit-test";
		};
/* End PBXNativeTarget section */

/* Begin PBXProject section */
		A49B18302ADDD636000103B2 /* Project object */ = {
			isa = PBXProject;
			attributes = {
				BuildIndependentTargetsInParallel = 1;
				LastSwiftUpdateCheck = 1500;
				LastUpgradeCheck = 1500;
				TargetAttributes = {
					A49B18382ADDD636000103B2 = {
						CreatedOnToolsVersion = 15.0;
					};
					A49B18422ADDD636000103B2 = {
						CreatedOnToolsVersion = 15.0;
					};
				};
			};
			buildConfigurationList = A49B18332ADDD636000103B2 /* Build configuration list for PBXProject "StarrySkyKit" */;
			compatibilityVersion = "Xcode 14.0";
			developmentRegion = en;
			hasScannedForEncodings = 0;
			knownRegions = (
				en,
				Base,
			);
			mainGroup = A49B182F2ADDD636000103B2;
			productRefGroup = A49B183A2ADDD636000103B2 /* Products */;
			projectDirPath = "";
			projectRoot = "";
			targets = (
				A49B18382ADDD636000103B2 /* StarrySkyKit */,
				A49B18422ADDD636000103B2 /* StarrySkyKitTests */,
			);
		};
/* End PBXProject section */

/* Begin PBXResourcesBuildPhase section */
		A49B18372ADDD636000103B2 /* Resources */ = {
			isa = PBXResourcesBuildPhase;
			buildActionMask = 2147483647;
			files = (
			);
			runOnlyForDeploymentPostprocessing = 0;
		};
		A49B18412ADDD636000103B2 /* Resources */ = {
			isa = PBXResourcesBuildPhase;
			buildActionMask = 2147483647;
			files = (
			);
			runOnlyForDeploymentPostprocessing = 0;
		};
/* End PBXResourcesBuildPhase section */

/* Begin PBXSourcesBuildPhase section */
		A49B18352ADDD636000103B2 /* Sources */ = {
			isa = PBXSourcesBuildPhase;
			buildActionMask = 2147483647;
			files = (
				A49B18572ADDD6C1000103B2 /* StarView.swift in Sources */,
				A4A3B1C62ADDEFB5006CE226 /* Constants.swift in Sources */,
				A49B18542ADDD652000103B2 /* StarrySky.swift in Sources */,
				A4A3B1C22ADDEDC5006CE226 /* AppLifecycleManager.swift in Sources */,
				A49B185C2ADDD99D000103B2 /* SkyManager.swift in Sources */,
				A49B183E2ADDD636000103B2 /* StarrySkyKit.docc in Sources */,
				A4A3B1B62ADDDD99006CE226 /* StarButtonView.swift in Sources */,
				A4A3B1BE2ADDE889006CE226 /* UIViewExtension.swift in Sources */,
				A4A3B1C02ADDEC42006CE226 /* PersistenceManager.swift in Sources */,
				A4A3B1B92ADDE199006CE226 /* UIApplicationExtension.swift in Sources */,
				A49B18592ADDD729000103B2 /* Star.swift in Sources */,
			);
			runOnlyForDeploymentPostprocessing = 0;
		};
		A49B183F2ADDD636000103B2 /* Sources */ = {
			isa = PBXSourcesBuildPhase;
			buildActionMask = 2147483647;
			files = (
				A49B18492ADDD636000103B2 /* StarrySkyKitTests.swift in Sources */,
			);
			runOnlyForDeploymentPostprocessing = 0;
		};
/* End PBXSourcesBuildPhase section */

/* Begin PBXTargetDependency section */
		A49B18462ADDD636000103B2 /* PBXTargetDependency */ = {
			isa = PBXTargetDependency;
			target = A49B18382ADDD636000103B2 /* StarrySkyKit */;
			targetProxy = A49B18452ADDD636000103B2 /* PBXContainerItemProxy */;
		};
/* End PBXTargetDependency section */

/* Begin XCBuildConfiguration section */
		A49B184B2ADDD636000103B2 /* Debug */ = {
			isa = XCBuildConfiguration;
			buildSettings = {
				ALWAYS_SEARCH_USER_PATHS = NO;
				ASSETCATALOG_COMPILER_GENERATE_SWIFT_ASSET_SYMBOL_EXTENSIONS = YES;
				CLANG_ANALYZER_NONNULL = YES;
				CLANG_ANALYZER_NUMBER_OBJECT_CONVERSION = YES_AGGRESSIVE;
				CLANG_CXX_LANGUAGE_STANDARD = "gnu++20";
				CLANG_ENABLE_MODULES = YES;
				CLANG_ENABLE_OBJC_ARC = YES;
				CLANG_ENABLE_OBJC_WEAK = YES;
				CLANG_WARN_BLOCK_CAPTURE_AUTORELEASING = YES;
				CLANG_WARN_BOOL_CONVERSION = YES;
				CLANG_WARN_COMMA = YES;
				CLANG_WARN_CONSTANT_CONVERSION = YES;
				CLANG_WARN_DEPRECATED_OBJC_IMPLEMENTATIONS = YES;
				CLANG_WARN_DIRECT_OBJC_ISA_USAGE = YES_ERROR;
				CLANG_WARN_DOCUMENTATION_COMMENTS = YES;
				CLANG_WARN_EMPTY_BODY = YES;
				CLANG_WARN_ENUM_CONVERSION = YES;
				CLANG_WARN_INFINITE_RECURSION = YES;
				CLANG_WARN_INT_CONVERSION = YES;
				CLANG_WARN_NON_LITERAL_NULL_CONVERSION = YES;
				CLANG_WARN_OBJC_IMPLICIT_RETAIN_SELF = YES;
				CLANG_WARN_OBJC_LITERAL_CONVERSION = YES;
				CLANG_WARN_OBJC_ROOT_CLASS = YES_ERROR;
				CLANG_WARN_QUOTED_INCLUDE_IN_FRAMEWORK_HEADER = YES;
				CLANG_WARN_RANGE_LOOP_ANALYSIS = YES;
				CLANG_WARN_STRICT_PROTOTYPES = YES;
				CLANG_WARN_SUSPICIOUS_MOVE = YES;
				CLANG_WARN_UNGUARDED_AVAILABILITY = YES_AGGRESSIVE;
				CLANG_WARN_UNREACHABLE_CODE = YES;
				CLANG_WARN__DUPLICATE_METHOD_MATCH = YES;
				COPY_PHASE_STRIP = NO;
				CURRENT_PROJECT_VERSION = 1;
				DEBUG_INFORMATION_FORMAT = dwarf;
				ENABLE_STRICT_OBJC_MSGSEND = YES;
				ENABLE_TESTABILITY = YES;
				ENABLE_USER_SCRIPT_SANDBOXING = YES;
				GCC_C_LANGUAGE_STANDARD = gnu17;
				GCC_DYNAMIC_NO_PIC = NO;
				GCC_NO_COMMON_BLOCKS = YES;
				GCC_OPTIMIZATION_LEVEL = 0;
				GCC_PREPROCESSOR_DEFINITIONS = (
					"DEBUG=1",
					"$(inherited)",
				);
				GCC_WARN_64_TO_32_BIT_CONVERSION = YES;
				GCC_WARN_ABOUT_RETURN_TYPE = YES_ERROR;
				GCC_WARN_UNDECLARED_SELECTOR = YES;
				GCC_WARN_UNINITIALIZED_AUTOS = YES_AGGRESSIVE;
				GCC_WARN_UNUSED_FUNCTION = YES;
				GCC_WARN_UNUSED_VARIABLE = YES;
				IPHONEOS_DEPLOYMENT_TARGET = 17.0;
				LOCALIZATION_PREFERS_STRING_CATALOGS = YES;
				MTL_ENABLE_DEBUG_INFO = INCLUDE_SOURCE;
				MTL_FAST_MATH = YES;
				ONLY_ACTIVE_ARCH = YES;
				SDKROOT = iphoneos;
				SWIFT_ACTIVE_COMPILATION_CONDITIONS = "DEBUG $(inherited)";
				SWIFT_OPTIMIZATION_LEVEL = "-Onone";
				VERSIONING_SYSTEM = "apple-generic";
				VERSION_INFO_PREFIX = "";
			};
			name = Debug;
		};
		A49B184C2ADDD636000103B2 /* Release */ = {
			isa = XCBuildConfiguration;
			buildSettings = {
				ALWAYS_SEARCH_USER_PATHS = NO;
				ASSETCATALOG_COMPILER_GENERATE_SWIFT_ASSET_SYMBOL_EXTENSIONS = YES;
				CLANG_ANALYZER_NONNULL = YES;
				CLANG_ANALYZER_NUMBER_OBJECT_CONVERSION = YES_AGGRESSIVE;
				CLANG_CXX_LANGUAGE_STANDARD = "gnu++20";
				CLANG_ENABLE_MODULES = YES;
				CLANG_ENABLE_OBJC_ARC = YES;
				CLANG_ENABLE_OBJC_WEAK = YES;
				CLANG_WARN_BLOCK_CAPTURE_AUTORELEASING = YES;
				CLANG_WARN_BOOL_CONVERSION = YES;
				CLANG_WARN_COMMA = YES;
				CLANG_WARN_CONSTANT_CONVERSION = YES;
				CLANG_WARN_DEPRECATED_OBJC_IMPLEMENTATIONS = YES;
				CLANG_WARN_DIRECT_OBJC_ISA_USAGE = YES_ERROR;
				CLANG_WARN_DOCUMENTATION_COMMENTS = YES;
				CLANG_WARN_EMPTY_BODY = YES;
				CLANG_WARN_ENUM_CONVERSION = YES;
				CLANG_WARN_INFINITE_RECURSION = YES;
				CLANG_WARN_INT_CONVERSION = YES;
				CLANG_WARN_NON_LITERAL_NULL_CONVERSION = YES;
				CLANG_WARN_OBJC_IMPLICIT_RETAIN_SELF = YES;
				CLANG_WARN_OBJC_LITERAL_CONVERSION = YES;
				CLANG_WARN_OBJC_ROOT_CLASS = YES_ERROR;
				CLANG_WARN_QUOTED_INCLUDE_IN_FRAMEWORK_HEADER = YES;
				CLANG_WARN_RANGE_LOOP_ANALYSIS = YES;
				CLANG_WARN_STRICT_PROTOTYPES = YES;
				CLANG_WARN_SUSPICIOUS_MOVE = YES;
				CLANG_WARN_UNGUARDED_AVAILABILITY = YES_AGGRESSIVE;
				CLANG_WARN_UNREACHABLE_CODE = YES;
				CLANG_WARN__DUPLICATE_METHOD_MATCH = YES;
				COPY_PHASE_STRIP = NO;
				CURRENT_PROJECT_VERSION = 1;
				DEBUG_INFORMATION_FORMAT = "dwarf-with-dsym";
				ENABLE_NS_ASSERTIONS = NO;
				ENABLE_STRICT_OBJC_MSGSEND = YES;
				ENABLE_USER_SCRIPT_SANDBOXING = YES;
				GCC_C_LANGUAGE_STANDARD = gnu17;
				GCC_NO_COMMON_BLOCKS = YES;
				GCC_WARN_64_TO_32_BIT_CONVERSION = YES;
				GCC_WARN_ABOUT_RETURN_TYPE = YES_ERROR;
				GCC_WARN_UNDECLARED_SELECTOR = YES;
				GCC_WARN_UNINITIALIZED_AUTOS = YES_AGGRESSIVE;
				GCC_WARN_UNUSED_FUNCTION = YES;
				GCC_WARN_UNUSED_VARIABLE = YES;
				IPHONEOS_DEPLOYMENT_TARGET = 17.0;
				LOCALIZATION_PREFERS_STRING_CATALOGS = YES;
				MTL_ENABLE_DEBUG_INFO = NO;
				MTL_FAST_MATH = YES;
				SDKROOT = iphoneos;
				SWIFT_COMPILATION_MODE = wholemodule;
				VALIDATE_PRODUCT = YES;
				VERSIONING_SYSTEM = "apple-generic";
				VERSION_INFO_PREFIX = "";
			};
			name = Release;
		};
		A49B184E2ADDD636000103B2 /* Debug */ = {
			isa = XCBuildConfiguration;
			buildSettings = {
				CODE_SIGN_STYLE = Automatic;
				CURRENT_PROJECT_VERSION = 1;
				DEFINES_MODULE = YES;
				DYLIB_COMPATIBILITY_VERSION = 1;
				DYLIB_CURRENT_VERSION = 1;
				DYLIB_INSTALL_NAME_BASE = "@rpath";
				ENABLE_MODULE_VERIFIER = YES;
				GENERATE_INFOPLIST_FILE = YES;
				INFOPLIST_KEY_NSHumanReadableCopyright = "";
				INSTALL_PATH = "$(LOCAL_LIBRARY_DIR)/Frameworks";
				LD_RUNPATH_SEARCH_PATHS = (
					"$(inherited)",
					"@executable_path/Frameworks",
					"@loader_path/Frameworks",
				);
				MARKETING_VERSION = 1.0;
				MODULE_VERIFIER_SUPPORTED_LANGUAGES = "objective-c objective-c++";
				MODULE_VERIFIER_SUPPORTED_LANGUAGE_STANDARDS = "gnu17 gnu++20";
				PRODUCT_BUNDLE_IDENTIFIER = com.muhammed.StarrySkyKit;
				PRODUCT_NAME = "$(TARGET_NAME:c99extidentifier)";
				SKIP_INSTALL = YES;
				SWIFT_EMIT_LOC_STRINGS = YES;
				SWIFT_VERSION = 5.0;
				TARGETED_DEVICE_FAMILY = "1,2";
			};
			name = Debug;
		};
		A49B184F2ADDD636000103B2 /* Release */ = {
			isa = XCBuildConfiguration;
			buildSettings = {
				CODE_SIGN_STYLE = Automatic;
				CURRENT_PROJECT_VERSION = 1;
				DEFINES_MODULE = YES;
				DYLIB_COMPATIBILITY_VERSION = 1;
				DYLIB_CURRENT_VERSION = 1;
				DYLIB_INSTALL_NAME_BASE = "@rpath";
				ENABLE_MODULE_VERIFIER = YES;
				GENERATE_INFOPLIST_FILE = YES;
				INFOPLIST_KEY_NSHumanReadableCopyright = "";
				INSTALL_PATH = "$(LOCAL_LIBRARY_DIR)/Frameworks";
				LD_RUNPATH_SEARCH_PATHS = (
					"$(inherited)",
					"@executable_path/Frameworks",
					"@loader_path/Frameworks",
				);
				MARKETING_VERSION = 1.0;
				MODULE_VERIFIER_SUPPORTED_LANGUAGES = "objective-c objective-c++";
				MODULE_VERIFIER_SUPPORTED_LANGUAGE_STANDARDS = "gnu17 gnu++20";
				PRODUCT_BUNDLE_IDENTIFIER = com.muhammed.StarrySkyKit;
				PRODUCT_NAME = "$(TARGET_NAME:c99extidentifier)";
				SKIP_INSTALL = YES;
				SWIFT_EMIT_LOC_STRINGS = YES;
				SWIFT_VERSION = 5.0;
				TARGETED_DEVICE_FAMILY = "1,2";
			};
			name = Release;
		};
		A49B18512ADDD636000103B2 /* Debug */ = {
			isa = XCBuildConfiguration;
			buildSettings = {
				ALWAYS_EMBED_SWIFT_STANDARD_LIBRARIES = YES;
				CODE_SIGN_STYLE = Automatic;
				CURRENT_PROJECT_VERSION = 1;
				GENERATE_INFOPLIST_FILE = YES;
				MARKETING_VERSION = 1.0;
				PRODUCT_BUNDLE_IDENTIFIER = com.muhammed.StarrySkyKitTests;
				PRODUCT_NAME = "$(TARGET_NAME)";
				SWIFT_EMIT_LOC_STRINGS = NO;
				SWIFT_VERSION = 5.0;
				TARGETED_DEVICE_FAMILY = "1,2";
			};
			name = Debug;
		};
		A49B18522ADDD636000103B2 /* Release */ = {
			isa = XCBuildConfiguration;
			buildSettings = {
				ALWAYS_EMBED_SWIFT_STANDARD_LIBRARIES = YES;
				CODE_SIGN_STYLE = Automatic;
				CURRENT_PROJECT_VERSION = 1;
				GENERATE_INFOPLIST_FILE = YES;
				MARKETING_VERSION = 1.0;
				PRODUCT_BUNDLE_IDENTIFIER = com.muhammed.StarrySkyKitTests;
				PRODUCT_NAME = "$(TARGET_NAME)";
				SWIFT_EMIT_LOC_STRINGS = NO;
				SWIFT_VERSION = 5.0;
				TARGETED_DEVICE_FAMILY = "1,2";
			};
			name = Release;
		};
/* End XCBuildConfiguration section */

/* Begin XCConfigurationList section */
		A49B18332ADDD636000103B2 /* Build configuration list for PBXProject "StarrySkyKit" */ = {
			isa = XCConfigurationList;
			buildConfigurations = (
				A49B184B2ADDD636000103B2 /* Debug */,
				A49B184C2ADDD636000103B2 /* Release */,
			);
			defaultConfigurationIsVisible = 0;
			defaultConfigurationName = Release;
		};
		A49B184D2ADDD636000103B2 /* Build configuration list for PBXNativeTarget "StarrySkyKit" */ = {
			isa = XCConfigurationList;
			buildConfigurations = (
				A49B184E2ADDD636000103B2 /* Debug */,
				A49B184F2ADDD636000103B2 /* Release */,
			);
			defaultConfigurationIsVisible = 0;
			defaultConfigurationName = Release;
		};
		A49B18502ADDD636000103B2 /* Build configuration list for PBXNativeTarget "StarrySkyKitTests" */ = {
			isa = XCConfigurationList;
			buildConfigurations = (
				A49B18512ADDD636000103B2 /* Debug */,
				A49B18522ADDD636000103B2 /* Release */,
			);
			defaultConfigurationIsVisible = 0;
			defaultConfigurationName = Release;
		};
/* End XCConfigurationList section */
	};
	rootObject = A49B18302ADDD636000103B2 /* Project object */;
}
