PODS:
  - StarrySkyKit (0.0.1)

DEPENDENCIES:
  - StarrySkyKit (from `./../StarrySkyKit`)

EXTERNAL SOURCES:
  StarrySkyKit:
    :path: "./../StarrySkyKit"

SPEC CHECKSUMS:
  StarrySkyKit: 83704a72cc7a4359804f92387c20ce693842593a

PODFILE CHECKSUM: dc0af87d46b47b5538ac37ee1a05fcefd4fd6d95

COCOAPODS: 1.13.0
