// !$*UTF8*$!
{
	archiveVersion = 1;
	classes = {
	};
	objectVersion = 56;
	objects = {

/* Begin PBXBuildFile section */
		4976157D2A0F843F3619B20A /* Pods_StarrySkyDemo.framework in Frameworks */ = {isa = PBXBuildFile; fileRef = FF888A68696F2EC1695F2B48 /* Pods_StarrySkyDemo.framework */; };
		A4A3B1D52ADDF218006CE226 /* AppDelegate.swift in Sources */ = {isa = PBXBuildFile; fileRef = A4A3B1D42ADDF218006CE226 /* AppDelegate.swift */; };
		A4A3B1D72ADDF218006CE226 /* SceneDelegate.swift in Sources */ = {isa = PBXBuildFile; fileRef = A4A3B1D62ADDF218006CE226 /* SceneDelegate.swift */; };
		A4A3B1D92ADDF218006CE226 /* ViewController.swift in Sources */ = {isa = PBXBuildFile; fileRef = A4A3B1D82ADDF218006CE226 /* ViewController.swift */; };
		A4A3B1DC2ADDF218006CE226 /* Main.storyboard in Resources */ = {isa = PBXBuildFile; fileRef = A4A3B1DA2ADDF218006CE226 /* Main.storyboard */; };
		A4A3B1DE2ADDF219006CE226 /* Assets.xcassets in Resources */ = {isa = PBXBuildFile; fileRef = A4A3B1DD2ADDF219006CE226 /* Assets.xcassets */; };
		A4A3B1E12ADDF219006CE226 /* LaunchScreen.storyboard in Resources */ = {isa = PBXBuildFile; fileRef = A4A3B1DF2ADDF219006CE226 /* LaunchScreen.storyboard */; };
/* End PBXBuildFile section */

/* Begin PBXFileReference section */
		4A83DE25BE27BD70AACFA7AE /* Pods-StarrySkyDemo.debug.xcconfig */ = {isa = PBXFileReference; includeInIndex = 1; lastKnownFileType = text.xcconfig; name = "Pods-StarrySkyDemo.debug.xcconfig"; path = "Target Support Files/Pods-StarrySkyDemo/Pods-StarrySkyDemo.debug.xcconfig"; sourceTree = "<group>"; };
		A4A3B1D12ADDF218006CE226 /* StarrySkyDemo.app */ = {isa = PBXFileReference; explicitFileType = wrapper.application; includeInIndex = 0; path = StarrySkyDemo.app; sourceTree = BUILT_PRODUCTS_DIR; };
		A4A3B1D42ADDF218006CE226 /* AppDelegate.swift */ = {isa = PBXFileReference; lastKnownFileType = sourcecode.swift; path = AppDelegate.swift; sourceTree = "<group>"; };
		A4A3B1D62ADDF218006CE226 /* SceneDelegate.swift */ = {isa = PBXFileReference; lastKnownFileType = sourcecode.swift; path = SceneDelegate.swift; sourceTree = "<group>"; };
		A4A3B1D82ADDF218006CE226 /* ViewController.swift */ = {isa = PBXFileReference; lastKnownFileType = sourcecode.swift; path = ViewController.swift; sourceTree = "<group>"; };
		A4A3B1DB2ADDF218006CE226 /* Base */ = {isa = PBXFileReference; lastKnownFileType = file.storyboard; name = Base; path = Base.lproj/Main.storyboard; sourceTree = "<group>"; };
		A4A3B1DD2ADDF219006CE226 /* Assets.xcassets */ = {isa = PBXFileReference; lastKnownFileType = folder.assetcatalog; path = Assets.xcassets; sourceTree = "<group>"; };
		A4A3B1E02ADDF219006CE226 /* Base */ = {isa = PBXFileReference; lastKnownFileType = file.storyboard; name = Base; path = Base.lproj/LaunchScreen.storyboard; sourceTree = "<group>"; };
		A4A3B1E22ADDF219006CE226 /* Info.plist */ = {isa = PBXFileReference; lastKnownFileType = text.plist.xml; path = Info.plist; sourceTree = "<group>"; };
		D4ED3C63196835FAC35D995D /* Pods-StarrySkyDemo.release.xcconfig */ = {isa = PBXFileReference; includeInIndex = 1; lastKnownFileType = text.xcconfig; name = "Pods-StarrySkyDemo.release.xcconfig"; path = "Target Support Files/Pods-StarrySkyDemo/Pods-StarrySkyDemo.release.xcconfig"; sourceTree = "<group>"; };
		FF888A68696F2EC1695F2B48 /* Pods_StarrySkyDemo.framework */ = {isa = PBXFileReference; explicitFileType = wrapper.framework; includeInIndex = 0; path = Pods_StarrySkyDemo.framework; sourceTree = BUILT_PRODUCTS_DIR; };
/* End PBXFileReference section */

/* Begin PBXFrameworksBuildPhase section */
		A4A3B1CE2ADDF218006CE226 /* Frameworks */ = {
			isa = PBXFrameworksBuildPhase;
			buildActionMask = 2147483647;
			files = (
				4976157D2A0F843F3619B20A /* Pods_StarrySkyDemo.framework in Frameworks */,
			);
			runOnlyForDeploymentPostprocessing = 0;
		};
/* End PBXFrameworksBuildPhase section */

/* Begin PBXGroup section */
		4694BD5B0A88F09F53EDC476 /* Pods */ = {
			isa = PBXGroup;
			children = (
				4A83DE25BE27BD70AACFA7AE /* Pods-StarrySkyDemo.debug.xcconfig */,
				D4ED3C63196835FAC35D995D /* Pods-StarrySkyDemo.release.xcconfig */,
			);
			path = Pods;
			sourceTree = "<group>";
		};
		7D43EAF368B07B869EDC5DC8 /* Frameworks */ = {
			isa = PBXGroup;
			children = (
				FF888A68696F2EC1695F2B48 /* Pods_StarrySkyDemo.framework */,
			);
			name = Frameworks;
			sourceTree = "<group>";
		};
		A4A3B1C82ADDF218006CE226 = {
			isa = PBXGroup;
			children = (
				A4A3B1D32ADDF218006CE226 /* StarrySkyDemo */,
				A4A3B1D22ADDF218006CE226 /* Products */,
				4694BD5B0A88F09F53EDC476 /* Pods */,
				7D43EAF368B07B869EDC5DC8 /* Frameworks */,
			);
			sourceTree = "<group>";
		};
		A4A3B1D22ADDF218006CE226 /* Products */ = {
			isa = PBXGroup;
			children = (
				A4A3B1D12ADDF218006CE226 /* StarrySkyDemo.app */,
			);
			name = Products;
			sourceTree = "<group>";
		};
		A4A3B1D32ADDF218006CE226 /* StarrySkyDemo */ = {
			isa = PBXGroup;
			children = (
				A4A3B1D42ADDF218006CE226 /* AppDelegate.swift */,
				A4A3B1D62ADDF218006CE226 /* SceneDelegate.swift */,
				A4A3B1D82ADDF218006CE226 /* ViewController.swift */,
				A4A3B1DA2ADDF218006CE226 /* Main.storyboard */,
				A4A3B1DD2ADDF219006CE226 /* Assets.xcassets */,
				A4A3B1DF2ADDF219006CE226 /* LaunchScreen.storyboard */,
				A4A3B1E22ADDF219006CE226 /* Info.plist */,
			);
			path = StarrySkyDemo;
			sourceTree = "<group>";
		};
/* End PBXGroup section */

/* Begin PBXNativeTarget section */
		A4A3B1D02ADDF218006CE226 /* StarrySkyDemo */ = {
			isa = PBXNativeTarget;
			buildConfigurationList = A4A3B1E52ADDF219006CE226 /* Build configuration list for PBXNativeTarget "StarrySkyDemo" */;
			buildPhases = (
				9C9A14A91F35AD8CA2F234F3 /* [CP] Check Pods Manifest.lock */,
				A4A3B1CD2ADDF218006CE226 /* Sources */,
				A4A3B1CE2ADDF218006CE226 /* Frameworks */,
				A4A3B1CF2ADDF218006CE226 /* Resources */,
				5F31DF8FC8F3C82A4C339D10 /* [CP] Embed Pods Frameworks */,
			);
			buildRules = (
			);
			dependencies = (
			);
			name = StarrySkyDemo;
			productName = StarrySkyDemo;
			productReference = A4A3B1D12ADDF218006CE226 /* StarrySkyDemo.app */;
			productType = "com.apple.product-type.application";
		};
/* End PBXNativeTarget section */

/* Begin PBXProject section */
		A4A3B1C92ADDF218006CE226 /* Project object */ = {
			isa = PBXProject;
			attributes = {
				BuildIndependentTargetsInParallel = 1;
				LastSwiftUpdateCheck = 1500;
				LastUpgradeCheck = 1500;
				TargetAttributes = {
					A4A3B1D02ADDF218006CE226 = {
						CreatedOnToolsVersion = 15.0;
					};
				};
			};
			buildConfigurationList = A4A3B1CC2ADDF218006CE226 /* Build configuration list for PBXProject "StarrySkyDemo" */;
			compatibilityVersion = "Xcode 14.0";
			developmentRegion = en;
			hasScannedForEncodings = 0;
			knownRegions = (
				en,
				Base,
			);
			mainGroup = A4A3B1C82ADDF218006CE226;
			productRefGroup = A4A3B1D22ADDF218006CE226 /* Products */;
			projectDirPath = "";
			projectRoot = "";
			targets = (
				A4A3B1D02ADDF218006CE226 /* StarrySkyDemo */,
			);
		};
/* End PBXProject section */

/* Begin PBXResourcesBuildPhase section */
		A4A3B1CF2ADDF218006CE226 /* Resources */ = {
			isa = PBXResourcesBuildPhase;
			buildActionMask = 2147483647;
			files = (
				A4A3B1E12ADDF219006CE226 /* LaunchScreen.storyboard in Resources */,
				A4A3B1DE2ADDF219006CE226 /* Assets.xcassets in Resources */,
				A4A3B1DC2ADDF218006CE226 /* Main.storyboard in Resources */,
			);
			runOnlyForDeploymentPostprocessing = 0;
		};
/* End PBXResourcesBuildPhase section */

/* Begin PBXShellScriptBuildPhase section */
		5F31DF8FC8F3C82A4C339D10 /* [CP] Embed Pods Frameworks */ = {
			isa = PBXShellScriptBuildPhase;
			buildActionMask = 2147483647;
			files = (
			);
			inputFileListPaths = (
				"${PODS_ROOT}/Target Support Files/Pods-StarrySkyDemo/Pods-StarrySkyDemo-frameworks-${CONFIGURATION}-input-files.xcfilelist",
			);
			name = "[CP] Embed Pods Frameworks";
			outputFileListPaths = (
				"${PODS_ROOT}/Target Support Files/Pods-StarrySkyDemo/Pods-StarrySkyDemo-frameworks-${CONFIGURATION}-output-files.xcfilelist",
			);
			runOnlyForDeploymentPostprocessing = 0;
			shellPath = /bin/sh;
			shellScript = "\"${PODS_ROOT}/Target Support Files/Pods-StarrySkyDemo/Pods-StarrySkyDemo-frameworks.sh\"\n";
			showEnvVarsInLog = 0;
		};
		9C9A14A91F35AD8CA2F234F3 /* [CP] Check Pods Manifest.lock */ = {
			isa = PBXShellScriptBuildPhase;
			buildActionMask = 2147483647;
			files = (
			);
			inputFileListPaths = (
			);
			inputPaths = (
				"${PODS_PODFILE_DIR_PATH}/Podfile.lock",
				"${PODS_ROOT}/Manifest.lock",
			);
			name = "[CP] Check Pods Manifest.lock";
			outputFileListPaths = (
			);
			outputPaths = (
				"$(DERIVED_FILE_DIR)/Pods-StarrySkyDemo-checkManifestLockResult.txt",
			);
			runOnlyForDeploymentPostprocessing = 0;
			shellPath = /bin/sh;
			shellScript = "diff \"${PODS_PODFILE_DIR_PATH}/Podfile.lock\" \"${PODS_ROOT}/Manifest.lock\" > /dev/null\nif [ $? != 0 ] ; then\n    # print error to STDERR\n    echo \"error: The sandbox is not in sync with the Podfile.lock. Run 'pod install' or update your CocoaPods installation.\" >&2\n    exit 1\nfi\n# This output is used by Xcode 'outputs' to avoid re-running this script phase.\necho \"SUCCESS\" > \"${SCRIPT_OUTPUT_FILE_0}\"\n";
			showEnvVarsInLog = 0;
		};
/* End PBXShellScriptBuildPhase section */

/* Begin PBXSourcesBuildPhase section */
		A4A3B1CD2ADDF218006CE226 /* Sources */ = {
			isa = PBXSourcesBuildPhase;
			buildActionMask = 2147483647;
			files = (
				A4A3B1D92ADDF218006CE226 /* ViewController.swift in Sources */,
				A4A3B1D52ADDF218006CE226 /* AppDelegate.swift in Sources */,
				A4A3B1D72ADDF218006CE226 /* SceneDelegate.swift in Sources */,
			);
			runOnlyForDeploymentPostprocessing = 0;
		};
/* End PBXSourcesBuildPhase section */

/* Begin PBXVariantGroup section */
		A4A3B1DA2ADDF218006CE226 /* Main.storyboard */ = {
			isa = PBXVariantGroup;
			children = (
				A4A3B1DB2ADDF218006CE226 /* Base */,
			);
			name = Main.storyboard;
			sourceTree = "<group>";
		};
		A4A3B1DF2ADDF219006CE226 /* LaunchScreen.storyboard */ = {
			isa = PBXVariantGroup;
			children = (
				A4A3B1E02ADDF219006CE226 /* Base */,
			);
			name = LaunchScreen.storyboard;
			sourceTree = "<group>";
		};
/* End PBXVariantGroup section */

/* Begin XCBuildConfiguration section */
		A4A3B1E32ADDF219006CE226 /* Debug */ = {
			isa = XCBuildConfiguration;
			buildSettings = {
				ALWAYS_SEARCH_USER_PATHS = NO;
				ASSETCATALOG_COMPILER_GENERATE_SWIFT_ASSET_SYMBOL_EXTENSIONS = YES;
				CLANG_ANALYZER_NONNULL = YES;
				CLANG_ANALYZER_NUMBER_OBJECT_CONVERSION = YES_AGGRESSIVE;
				CLANG_CXX_LANGUAGE_STANDARD = "gnu++20";
				CLANG_ENABLE_MODULES = YES;
				CLANG_ENABLE_OBJC_ARC = YES;
				CLANG_ENABLE_OBJC_WEAK = YES;
				CLANG_WARN_BLOCK_CAPTURE_AUTORELEASING = YES;
				CLANG_WARN_BOOL_CONVERSION = YES;
				CLANG_WARN_COMMA = YES;
				CLANG_WARN_CONSTANT_CONVERSION = YES;
				CLANG_WARN_DEPRECATED_OBJC_IMPLEMENTATIONS = YES;
				CLANG_WARN_DIRECT_OBJC_ISA_USAGE = YES_ERROR;
				CLANG_WARN_DOCUMENTATION_COMMENTS = YES;
				CLANG_WARN_EMPTY_BODY = YES;
				CLANG_WARN_ENUM_CONVERSION = YES;
				CLANG_WARN_INFINITE_RECURSION = YES;
				CLANG_WARN_INT_CONVERSION = YES;
				CLANG_WARN_NON_LITERAL_NULL_CONVERSION = YES;
				CLANG_WARN_OBJC_IMPLICIT_RETAIN_SELF = YES;
				CLANG_WARN_OBJC_LITERAL_CONVERSION = YES;
				CLANG_WARN_OBJC_ROOT_CLASS = YES_ERROR;
				CLANG_WARN_QUOTED_INCLUDE_IN_FRAMEWORK_HEADER = YES;
				CLANG_WARN_RANGE_LOOP_ANALYSIS = YES;
				CLANG_WARN_STRICT_PROTOTYPES = YES;
				CLANG_WARN_SUSPICIOUS_MOVE = YES;
				CLANG_WARN_UNGUARDED_AVAILABILITY = YES_AGGRESSIVE;
				CLANG_WARN_UNREACHABLE_CODE = YES;
				CLANG_WARN__DUPLICATE_METHOD_MATCH = YES;
				COPY_PHASE_STRIP = NO;
				DEBUG_INFORMATION_FORMAT = dwarf;
				ENABLE_STRICT_OBJC_MSGSEND = YES;
				ENABLE_TESTABILITY = YES;
				ENABLE_USER_SCRIPT_SANDBOXING = NO;
				GCC_C_LANGUAGE_STANDARD = gnu17;
				GCC_DYNAMIC_NO_PIC = NO;
				GCC_NO_COMMON_BLOCKS = YES;
				GCC_OPTIMIZATION_LEVEL = 0;
				GCC_PREPROCESSOR_DEFINITIONS = (
					"DEBUG=1",
					"$(inherited)",
				);
				GCC_WARN_64_TO_32_BIT_CONVERSION = YES;
				GCC_WARN_ABOUT_RETURN_TYPE = YES_ERROR;
				GCC_WARN_UNDECLARED_SELECTOR = YES;
				GCC_WARN_UNINITIALIZED_AUTOS = YES_AGGRESSIVE;
				GCC_WARN_UNUSED_FUNCTION = YES;
				GCC_WARN_UNUSED_VARIABLE = YES;
				IPHONEOS_DEPLOYMENT_TARGET = 17.0;
				LOCALIZATION_PREFERS_STRING_CATALOGS = YES;
				MTL_ENABLE_DEBUG_INFO = INCLUDE_SOURCE;
				MTL_FAST_MATH = YES;
				ONLY_ACTIVE_ARCH = YES;
				SDKROOT = iphoneos;
				SWIFT_ACTIVE_COMPILATION_CONDITIONS = "DEBUG $(inherited)";
				SWIFT_OPTIMIZATION_LEVEL = "-Onone";
			};
			name = Debug;
		};
		A4A3B1E42ADDF219006CE226 /* Release */ = {
			isa = XCBuildConfiguration;
			buildSettings = {
				ALWAYS_SEARCH_USER_PATHS = NO;
				ASSETCATALOG_COMPILER_GENERATE_SWIFT_ASSET_SYMBOL_EXTENSIONS = YES;
				CLANG_ANALYZER_NONNULL = YES;
				CLANG_ANALYZER_NUMBER_OBJECT_CONVERSION = YES_AGGRESSIVE;
				CLANG_CXX_LANGUAGE_STANDARD = "gnu++20";
				CLANG_ENABLE_MODULES = YES;
				CLANG_ENABLE_OBJC_ARC = YES;
				CLANG_ENABLE_OBJC_WEAK = YES;
				CLANG_WARN_BLOCK_CAPTURE_AUTORELEASING = YES;
				CLANG_WARN_BOOL_CONVERSION = YES;
				CLANG_WARN_COMMA = YES;
				CLANG_WARN_CONSTANT_CONVERSION = YES;
				CLANG_WARN_DEPRECATED_OBJC_IMPLEMENTATIONS = YES;
				CLANG_WARN_DIRECT_OBJC_ISA_USAGE = YES_ERROR;
				CLANG_WARN_DOCUMENTATION_COMMENTS = YES;
				CLANG_WARN_EMPTY_BODY = YES;
				CLANG_WARN_ENUM_CONVERSION = YES;
				CLANG_WARN_INFINITE_RECURSION = YES;
				CLANG_WARN_INT_CONVERSION = YES;
				CLANG_WARN_NON_LITERAL_NULL_CONVERSION = YES;
				CLANG_WARN_OBJC_IMPLICIT_RETAIN_SELF = YES;
				CLANG_WARN_OBJC_LITERAL_CONVERSION = YES;
				CLANG_WARN_OBJC_ROOT_CLASS = YES_ERROR;
				CLANG_WARN_QUOTED_INCLUDE_IN_FRAMEWORK_HEADER = YES;
				CLANG_WARN_RANGE_LOOP_ANALYSIS = YES;
				CLANG_WARN_STRICT_PROTOTYPES = YES;
				CLANG_WARN_SUSPICIOUS_MOVE = YES;
				CLANG_WARN_UNGUARDED_AVAILABILITY = YES_AGGRESSIVE;
				CLANG_WARN_UNREACHABLE_CODE = YES;
				CLANG_WARN__DUPLICATE_METHOD_MATCH = YES;
				COPY_PHASE_STRIP = NO;
				DEBUG_INFORMATION_FORMAT = "dwarf-with-dsym";
				ENABLE_NS_ASSERTIONS = NO;
				ENABLE_STRICT_OBJC_MSGSEND = YES;
				ENABLE_USER_SCRIPT_SANDBOXING = NO;
				GCC_C_LANGUAGE_STANDARD = gnu17;
				GCC_NO_COMMON_BLOCKS = YES;
				GCC_WARN_64_TO_32_BIT_CONVERSION = YES;
				GCC_WARN_ABOUT_RETURN_TYPE = YES_ERROR;
				GCC_WARN_UNDECLARED_SELECTOR = YES;
				GCC_WARN_UNINITIALIZED_AUTOS = YES_AGGRESSIVE;
				GCC_WARN_UNUSED_FUNCTION = YES;
				GCC_WARN_UNUSED_VARIABLE = YES;
				IPHONEOS_DEPLOYMENT_TARGET = 17.0;
				LOCALIZATION_PREFERS_STRING_CATALOGS = YES;
				MTL_ENABLE_DEBUG_INFO = NO;
				MTL_FAST_MATH = YES;
				SDKROOT = iphoneos;
				SWIFT_COMPILATION_MODE = wholemodule;
				VALIDATE_PRODUCT = YES;
			};
			name = Release;
		};
		A4A3B1E62ADDF219006CE226 /* Debug */ = {
			isa = XCBuildConfiguration;
			baseConfigurationReference = 4A83DE25BE27BD70AACFA7AE /* Pods-StarrySkyDemo.debug.xcconfig */;
			buildSettings = {
				ASSETCATALOG_COMPILER_APPICON_NAME = AppIcon;
				ASSETCATALOG_COMPILER_GLOBAL_ACCENT_COLOR_NAME = AccentColor;
				CODE_SIGN_STYLE = Automatic;
				CURRENT_PROJECT_VERSION = 1;
				GENERATE_INFOPLIST_FILE = YES;
				INFOPLIST_FILE = StarrySkyDemo/Info.plist;
				INFOPLIST_KEY_UIApplicationSupportsIndirectInputEvents = YES;
				INFOPLIST_KEY_UILaunchStoryboardName = LaunchScreen;
				INFOPLIST_KEY_UIMainStoryboardFile = Main;
				INFOPLIST_KEY_UISupportedInterfaceOrientations_iPad = "UIInterfaceOrientationPortrait UIInterfaceOrientationPortraitUpsideDown UIInterfaceOrientationLandscapeLeft UIInterfaceOrientationLandscapeRight";
				INFOPLIST_KEY_UISupportedInterfaceOrientations_iPhone = "UIInterfaceOrientationPortrait UIInterfaceOrientationLandscapeLeft UIInterfaceOrientationLandscapeRight";
				LD_RUNPATH_SEARCH_PATHS = (
					"$(inherited)",
					"@executable_path/Frameworks",
				);
				MARKETING_VERSION = 1.0;
				PRODUCT_BUNDLE_IDENTIFIER = com.muhammed.StarrySkyDemo;
				PRODUCT_NAME = "$(TARGET_NAME)";
				SWIFT_EMIT_LOC_STRINGS = YES;
				SWIFT_VERSION = 5.0;
				TARGETED_DEVICE_FAMILY = "1,2";
			};
			name = Debug;
		};
		A4A3B1E72ADDF219006CE226 /* Release */ = {
			isa = XCBuildConfiguration;
			baseConfigurationReference = D4ED3C63196835FAC35D995D /* Pods-StarrySkyDemo.release.xcconfig */;
			buildSettings = {
				ASSETCATALOG_COMPILER_APPICON_NAME = AppIcon;
				ASSETCATALOG_COMPILER_GLOBAL_ACCENT_COLOR_NAME = AccentColor;
				CODE_SIGN_STYLE = Automatic;
				CURRENT_PROJECT_VERSION = 1;
				GENERATE_INFOPLIST_FILE = YES;
				INFOPLIST_FILE = StarrySkyDemo/Info.plist;
				INFOPLIST_KEY_UIApplicationSupportsIndirectInputEvents = YES;
				INFOPLIST_KEY_UILaunchStoryboardName = LaunchScreen;
				INFOPLIST_KEY_UIMainStoryboardFile = Main;
				INFOPLIST_KEY_UISupportedInterfaceOrientations_iPad = "UIInterfaceOrientationPortrait UIInterfaceOrientationPortraitUpsideDown UIInterfaceOrientationLandscapeLeft UIInterfaceOrientationLandscapeRight";
				INFOPLIST_KEY_UISupportedInterfaceOrientations_iPhone = "UIInterfaceOrientationPortrait UIInterfaceOrientationLandscapeLeft UIInterfaceOrientationLandscapeRight";
				LD_RUNPATH_SEARCH_PATHS = (
					"$(inherited)",
					"@executable_path/Frameworks",
				);
				MARKETING_VERSION = 1.0;
				PRODUCT_BUNDLE_IDENTIFIER = com.muhammed.StarrySkyDemo;
				PRODUCT_NAME = "$(TARGET_NAME)";
				SWIFT_EMIT_LOC_STRINGS = YES;
				SWIFT_VERSION = 5.0;
				TARGETED_DEVICE_FAMILY = "1,2";
			};
			name = Release;
		};
/* End XCBuildConfiguration section */

/* Begin XCConfigurationList section */
		A4A3B1CC2ADDF218006CE226 /* Build configuration list for PBXProject "StarrySkyDemo" */ = {
			isa = XCConfigurationList;
			buildConfigurations = (
				A4A3B1E32ADDF219006CE226 /* Debug */,
				A4A3B1E42ADDF219006CE226 /* Release */,
			);
			defaultConfigurationIsVisible = 0;
			defaultConfigurationName = Release;
		};
		A4A3B1E52ADDF219006CE226 /* Build configuration list for PBXNativeTarget "StarrySkyDemo" */ = {
			isa = XCConfigurationList;
			buildConfigurations = (
				A4A3B1E62ADDF219006CE226 /* Debug */,
				A4A3B1E72ADDF219006CE226 /* Release */,
			);
			defaultConfigurationIsVisible = 0;
			defaultConfigurationName = Release;
		};
/* End XCConfigurationList section */
	};
	rootObject = A4A3B1C92ADDF218006CE226 /* Project object */;
}
